
Microsoft Visual Studio Solution File, Format Version 12.00
# Visual Studio Version 16
VisualStudioVersion = 16.0.32630.194
MinimumVisualStudioVersion = 10.0.40219.1
Project("{FAE04EC0-301F-11D3-BF4B-00C04F79EFBC}") = "PilotBrothersSafe", "PilotBrothersSafe.csproj", "{08504021-4680-4629-94C0-D6183B3FA087}"
EndProject
Global
	GlobalSection(SolutionConfigurationPlatforms) = preSolution
		Debug|Any CPU = Debug|Any CPU
		Release|Any CPU = Release|Any CPU
	EndGlobalSection
	GlobalSection(ProjectConfigurationPlatforms) = postSolution
		{08504021-4680-4629-94C0-D6183B3FA087}.Debug|Any CPU.ActiveCfg = Debug|Any CPU
		{08504021-4680-4629-94C0-D6183B3FA087}.Debug|Any CPU.Build.0 = Debug|Any CPU
		{08504021-4680-4629-94C0-D6183B3FA087}.Release|Any CPU.ActiveCfg = Release|Any CPU
		{08504021-4680-4629-94C0-D6183B3FA087}.Release|Any CPU.Build.0 = Release|Any CPU
	EndGlobalSection
	GlobalSection(SolutionProperties) = preSolution
		HideSolutionNode = FALSE
	EndGlobalSection
	GlobalSection(ExtensibilityGlobals) = postSolution
		SolutionGuid = {4083A308-702B-47C9-BF27-86EA6AB927B4}
	EndGlobalSection
EndGlobal
